{
  "name": "roll20-shaped5e-util",
  "version": "0.2.0",
  "lockfileVersion": 1,
  "requires": true,
  "dependencies": {
    "@types/estree": {
      "version": "0.0.39",
      "resolved": "https://registry.npmjs.org/@types/estree/-/estree-0.0.39.tgz",
      "integrity": "sha512-EYNwp3bU+98cpU4lAWYYL7Zz+2gryWH1qbdDTidVd6hkiR6weksdbMadyXKXNPEkQFhXM+hVO9ZygomHXp+AIw==",
      "dev": true
    },
    "@types/node": {
      "version": "10.3.4",
      "resolved": "https://registry.npmjs.org/@types/node/-/node-10.3.4.tgz",
      "integrity": "sha512-YMLlzdeNnAyLrQew39IFRkMacAR5BqKGIEei9ZjdHsIZtv+ZWKYTu1i7QJhetxQ9ReXx8w5f+cixdHZG3zgMQA==",
      "dev": true
    },
    "rollup": {
      "version": "0.61.1",
      "resolved": "https://registry.npmjs.org/rollup/-/rollup-0.61.1.tgz",
      "integrity": "sha512-FKdmu0/6tEoLKS1dLKpIJ8M0WZJjF0AXdv/W7ZYHPXc82wBJM2jBrGC2W2N0S9YT6dgO5i/jYtnODp4AMdNcfg==",
      "dev": true,
      "requires": {
        "@types/estree": "0.0.39",
        "@types/node": "*"
      }
    }
  }
}
